// !$*UTF8*$!
{
	archiveVersion = 1;
	classes = {
	};
	objectVersion = 50;
	objects = {

/* Begin PBXBuildFile section */
		4C6E2EC226A9A56C002B02C0 /* updateItem.swift in Sources */ = {isa = PBXBuildFile; fileRef = 4C6E2EC126A9A56C002B02C0 /* updateItem.swift */; };
		4C720B7F26A535DA002857E1 /* addList.swift in Sources */ = {isa = PBXBuildFile; fileRef = 4C720B7E26A535DA002857E1 /* addList.swift */; };
		4C9EBE5326A54D3F0081C0F2 /* ItemInfo+CoreDataClass.swift in Sources */ = {isa = PBXBuildFile; fileRef = 4C9EBE4F26A54D3F0081C0F2 /* ItemInfo+CoreDataClass.swift */; };
		4C9EBE5426A54D3F0081C0F2 /* ItemInfo+CoreDataProperties.swift in Sources */ = {isa = PBXBuildFile; fileRef = 4C9EBE5026A54D3F0081C0F2 /* ItemInfo+CoreDataProperties.swift */; };
		4C9EBE5526A54D3F0081C0F2 /* ListInfo+CoreDataClass.swift in Sources */ = {isa = PBXBuildFile; fileRef = 4C9EBE5126A54D3F0081C0F2 /* ListInfo+CoreDataClass.swift */; };
		4C9EBE5626A54D3F0081C0F2 /* ListInfo+CoreDataProperties.swift in Sources */ = {isa = PBXBuildFile; fileRef = 4C9EBE5226A54D3F0081C0F2 /* ListInfo+CoreDataProperties.swift */; };
		4C9EBE5826A56C940081C0F2 /* itemListView.swift in Sources */ = {isa = PBXBuildFile; fileRef = 4C9EBE5726A56C940081C0F2 /* itemListView.swift */; };
		4CB7C39326A3DC8E007558F3 /* ShopListApp.swift in Sources */ = {isa = PBXBuildFile; fileRef = 4CB7C39226A3DC8E007558F3 /* ShopListApp.swift */; };
		4CB7C39526A3DC8E007558F3 /* homeView.swift in Sources */ = {isa = PBXBuildFile; fileRef = 4CB7C39426A3DC8E007558F3 /* homeView.swift */; };
		4CB7C39726A3DC91007558F3 /* Assets.xcassets in Resources */ = {isa = PBXBuildFile; fileRef = 4CB7C39626A3DC91007558F3 /* Assets.xcassets */; };
		4CB7C39A26A3DC91007558F3 /* Preview Assets.xcassets in Resources */ = {isa = PBXBuildFile; fileRef = 4CB7C39926A3DC91007558F3 /* Preview Assets.xcassets */; };
		4CB7C3A526A3DC91007558F3 /* ShopListTests.swift in Sources */ = {isa = PBXBuildFile; fileRef = 4CB7C3A426A3DC91007558F3 /* ShopListTests.swift */; };
		4CB7C3B026A3DC91007558F3 /* ShopListUITests.swift in Sources */ = {isa = PBXBuildFile; fileRef = 4CB7C3AF26A3DC91007558F3 /* ShopListUITests.swift */; };
		4CB7C3BF26A3DCA9007558F3 /* Item.xcdatamodeld in Sources */ = {isa = PBXBuildFile; fileRef = 4CB7C3BD26A3DCA9007558F3 /* Item.xcdatamodeld */; };
		4CB7C3C126A3DD52007558F3 /* Persistence.swift in Sources */ = {isa = PBXBuildFile; fileRef = 4CB7C3C026A3DD52007558F3 /* Persistence.swift */; };
		4CB7C3C526A3DDA5007558F3 /* CloudKit.framework in Frameworks */ = {isa = PBXBuildFile; fileRef = 4CB7C3C426A3DDA5007558F3 /* CloudKit.framework */; };
		4CB7C3C726A3DE48007558F3 /* itemCell.swift in Sources */ = {isa = PBXBuildFile; fileRef = 4CB7C3C626A3DE48007558F3 /* itemCell.swift */; };
		4CD26F7B26A3E86000A7952A /* itemView.swift in Sources */ = {isa = PBXBuildFile; fileRef = 4CD26F7A26A3E86000A7952A /* itemView.swift */; };
		4CD26F7D26A3F71A00A7952A /* ImagePicker.swift in Sources */ = {isa = PBXBuildFile; fileRef = 4CD26F7C26A3F71A00A7952A /* ImagePicker.swift */; };
		4CD26F7F26A4043300A7952A /* addDetailItem.swift in Sources */ = {isa = PBXBuildFile; fileRef = 4CD26F7E26A4043300A7952A /* addDetailItem.swift */; };
/* End PBXBuildFile section */

/* Begin PBXContainerItemProxy section */
		4CB7C3A126A3DC91007558F3 /* PBXContainerItemProxy */ = {
			isa = PBXContainerItemProxy;
			containerPortal = 4CB7C38726A3DC8E007558F3 /* Project object */;
			proxyType = 1;
			remoteGlobalIDString = 4CB7C38E26A3DC8E007558F3;
			remoteInfo = ShopList;
		};
		4CB7C3AC26A3DC91007558F3 /* PBXContainerItemProxy */ = {
			isa = PBXContainerItemProxy;
			containerPortal = 4CB7C38726A3DC8E007558F3 /* Project object */;
			proxyType = 1;
			remoteGlobalIDString = 4CB7C38E26A3DC8E007558F3;
			remoteInfo = ShopList;
		};
/* End PBXContainerItemProxy section */

/* Begin PBXFileReference section */
		4C6E2EC126A9A56C002B02C0 /* updateItem.swift */ = {isa = PBXFileReference; lastKnownFileType = sourcecode.swift; path = updateItem.swift; sourceTree = "<group>"; };
		4C720B7E26A535DA002857E1 /* addList.swift */ = {isa = PBXFileReference; lastKnownFileType = sourcecode.swift; path = addList.swift; sourceTree = "<group>"; };
		4C9EBE4F26A54D3F0081C0F2 /* ItemInfo+CoreDataClass.swift */ = {isa = PBXFileReference; lastKnownFileType = sourcecode.swift; name = "ItemInfo+CoreDataClass.swift"; path = "ShopList/CoreData/ItemInfo+CoreDataClass.swift"; sourceTree = SOURCE_ROOT; };
		4C9EBE5026A54D3F0081C0F2 /* ItemInfo+CoreDataProperties.swift */ = {isa = PBXFileReference; lastKnownFileType = sourcecode.swift; name = "ItemInfo+CoreDataProperties.swift"; path = "ShopList/CoreData/ItemInfo+CoreDataProperties.swift"; sourceTree = SOURCE_ROOT; };
		4C9EBE5126A54D3F0081C0F2 /* ListInfo+CoreDataClass.swift */ = {isa = PBXFileReference; lastKnownFileType = sourcecode.swift; name = "ListInfo+CoreDataClass.swift"; path = "ShopList/CoreData/ListInfo+CoreDataClass.swift"; sourceTree = SOURCE_ROOT; };
		4C9EBE5226A54D3F0081C0F2 /* ListInfo+CoreDataProperties.swift */ = {isa = PBXFileReference; lastKnownFileType = sourcecode.swift; name = "ListInfo+CoreDataProperties.swift"; path = "ShopList/CoreData/ListInfo+CoreDataProperties.swift"; sourceTree = SOURCE_ROOT; };
		4C9EBE5726A56C940081C0F2 /* itemListView.swift */ = {isa = PBXFileReference; lastKnownFileType = sourcecode.swift; path = itemListView.swift; sourceTree = "<group>"; };
		4CB7C38F26A3DC8E007558F3 /* ShopList.app */ = {isa = PBXFileReference; explicitFileType = wrapper.application; includeInIndex = 0; path = ShopList.app; sourceTree = BUILT_PRODUCTS_DIR; };
		4CB7C39226A3DC8E007558F3 /* ShopListApp.swift */ = {isa = PBXFileReference; lastKnownFileType = sourcecode.swift; path = ShopListApp.swift; sourceTree = "<group>"; };
		4CB7C39426A3DC8E007558F3 /* homeView.swift */ = {isa = PBXFileReference; lastKnownFileType = sourcecode.swift; path = homeView.swift; sourceTree = "<group>"; };
		4CB7C39626A3DC91007558F3 /* Assets.xcassets */ = {isa = PBXFileReference; lastKnownFileType = folder.assetcatalog; path = Assets.xcassets; sourceTree = "<group>"; };
		4CB7C39926A3DC91007558F3 /* Preview Assets.xcassets */ = {isa = PBXFileReference; lastKnownFileType = folder.assetcatalog; path = "Preview Assets.xcassets"; sourceTree = "<group>"; };
		4CB7C39B26A3DC91007558F3 /* Info.plist */ = {isa = PBXFileReference; lastKnownFileType = text.plist.xml; path = Info.plist; sourceTree = "<group>"; };
		4CB7C3A026A3DC91007558F3 /* ShopListTests.xctest */ = {isa = PBXFileReference; explicitFileType = wrapper.cfbundle; includeInIndex = 0; path = ShopListTests.xctest; sourceTree = BUILT_PRODUCTS_DIR; };
		4CB7C3A426A3DC91007558F3 /* ShopListTests.swift */ = {isa = PBXFileReference; lastKnownFileType = sourcecode.swift; path = ShopListTests.swift; sourceTree = "<group>"; };
		4CB7C3A626A3DC91007558F3 /* Info.plist */ = {isa = PBXFileReference; lastKnownFileType = text.plist.xml; path = Info.plist; sourceTree = "<group>"; };
		4CB7C3AB26A3DC91007558F3 /* ShopListUITests.xctest */ = {isa = PBXFileReference; explicitFileType = wrapper.cfbundle; includeInIndex = 0; path = ShopListUITests.xctest; sourceTree = BUILT_PRODUCTS_DIR; };
		4CB7C3AF26A3DC91007558F3 /* ShopListUITests.swift */ = {isa = PBXFileReference; lastKnownFileType = sourcecode.swift; path = ShopListUITests.swift; sourceTree = "<group>"; };
		4CB7C3B126A3DC91007558F3 /* Info.plist */ = {isa = PBXFileReference; lastKnownFileType = text.plist.xml; path = Info.plist; sourceTree = "<group>"; };
		4CB7C3BE26A3DCA9007558F3 /* Item.xcdatamodel */ = {isa = PBXFileReference; lastKnownFileType = wrapper.xcdatamodel; path = Item.xcdatamodel; sourceTree = "<group>"; };
		4CB7C3C026A3DD52007558F3 /* Persistence.swift */ = {isa = PBXFileReference; lastKnownFileType = sourcecode.swift; path = Persistence.swift; sourceTree = "<group>"; };
		4CB7C3C426A3DDA5007558F3 /* CloudKit.framework */ = {isa = PBXFileReference; lastKnownFileType = wrapper.framework; name = CloudKit.framework; path = System/Library/Frameworks/CloudKit.framework; sourceTree = SDKROOT; };
		4CB7C3C626A3DE48007558F3 /* itemCell.swift */ = {isa = PBXFileReference; lastKnownFileType = sourcecode.swift; path = itemCell.swift; sourceTree = "<group>"; };
		4CD26F7A26A3E86000A7952A /* itemView.swift */ = {isa = PBXFileReference; lastKnownFileType = sourcecode.swift; path = itemView.swift; sourceTree = "<group>"; };
		4CD26F7C26A3F71A00A7952A /* ImagePicker.swift */ = {isa = PBXFileReference; lastKnownFileType = sourcecode.swift; path = ImagePicker.swift; sourceTree = "<group>"; };
		4CD26F7E26A4043300A7952A /* addDetailItem.swift */ = {isa = PBXFileReference; lastKnownFileType = sourcecode.swift; path = addDetailItem.swift; sourceTree = "<group>"; };
/* End PBXFileReference section */

/* Begin PBXFrameworksBuildPhase section */
		4CB7C38C26A3DC8E007558F3 /* Frameworks */ = {
			isa = PBXFrameworksBuildPhase;
			buildActionMask = 2147483647;
			files = (
				4CB7C3C526A3DDA5007558F3 /* CloudKit.framework in Frameworks */,
			);
			runOnlyForDeploymentPostprocessing = 0;
		};
		4CB7C39D26A3DC91007558F3 /* Frameworks */ = {
			isa = PBXFrameworksBuildPhase;
			buildActionMask = 2147483647;
			files = (
			);
			runOnlyForDeploymentPostprocessing = 0;
		};
		4CB7C3A826A3DC91007558F3 /* Frameworks */ = {
			isa = PBXFrameworksBuildPhase;
			buildActionMask = 2147483647;
			files = (
			);
			runOnlyForDeploymentPostprocessing = 0;
		};
/* End PBXFrameworksBuildPhase section */

/* Begin PBXGroup section */
		4C9EBE5926A5A6CB0081C0F2 /* CoreData */ = {
			isa = PBXGroup;
			children = (
				4CB7C3C026A3DD52007558F3 /* Persistence.swift */,
				4C9EBE4F26A54D3F0081C0F2 /* ItemInfo+CoreDataClass.swift */,
				4C9EBE5026A54D3F0081C0F2 /* ItemInfo+CoreDataProperties.swift */,
				4C9EBE5126A54D3F0081C0F2 /* ListInfo+CoreDataClass.swift */,
				4C9EBE5226A54D3F0081C0F2 /* ListInfo+CoreDataProperties.swift */,
				4CB7C3BD26A3DCA9007558F3 /* Item.xcdatamodeld */,
			);
			path = CoreData;
			sourceTree = "<group>";
		};
		4C9EBE5A26A5A6EE0081C0F2 /* CellView */ = {
			isa = PBXGroup;
			children = (
				4CB7C3C626A3DE48007558F3 /* itemCell.swift */,
			);
			path = CellView;
			sourceTree = "<group>";
		};
		4C9EBE5B26A5A7070081C0F2 /* ImagePickerView */ = {
			isa = PBXGroup;
			children = (
				4CD26F7C26A3F71A00A7952A /* ImagePicker.swift */,
			);
			path = ImagePickerView;
			sourceTree = "<group>";
		};
		4C9EBE5C26A5A71E0081C0F2 /* View */ = {
			isa = PBXGroup;
			children = (
				4CB7C39426A3DC8E007558F3 /* homeView.swift */,
				4CD26F7A26A3E86000A7952A /* itemView.swift */,
				4C9EBE5726A56C940081C0F2 /* itemListView.swift */,
			);
			path = View;
			sourceTree = "<group>";
		};
		4C9EBE5D26A5A75C0081C0F2 /* addViewModel */ = {
			isa = PBXGroup;
			children = (
				4CD26F7E26A4043300A7952A /* addDetailItem.swift */,
				4C6E2EC126A9A56C002B02C0 /* updateItem.swift */,
				4C720B7E26A535DA002857E1 /* addList.swift */,
			);
			path = addViewModel;
			sourceTree = "<group>";
		};
		4CB7C38626A3DC8E007558F3 = {
			isa = PBXGroup;
			children = (
				4CB7C39126A3DC8E007558F3 /* ShopList */,
				4CB7C3A326A3DC91007558F3 /* ShopListTests */,
				4CB7C3AE26A3DC91007558F3 /* ShopListUITests */,
				4CB7C39026A3DC8E007558F3 /* Products */,
				4CB7C3C326A3DDA5007558F3 /* Frameworks */,
			);
			sourceTree = "<group>";
		};
		4CB7C39026A3DC8E007558F3 /* Products */ = {
			isa = PBXGroup;
			children = (
				4CB7C38F26A3DC8E007558F3 /* ShopList.app */,
				4CB7C3A026A3DC91007558F3 /* ShopListTests.xctest */,
				4CB7C3AB26A3DC91007558F3 /* ShopListUITests.xctest */,
			);
			name = Products;
			sourceTree = "<group>";
		};
		4CB7C39126A3DC8E007558F3 /* ShopList */ = {
			isa = PBXGroup;
			children = (
				4C9EBE5D26A5A75C0081C0F2 /* addViewModel */,
				4C9EBE5C26A5A71E0081C0F2 /* View */,
				4C9EBE5B26A5A7070081C0F2 /* ImagePickerView */,
				4C9EBE5A26A5A6EE0081C0F2 /* CellView */,
				4C9EBE5926A5A6CB0081C0F2 /* CoreData */,
				4CB7C39226A3DC8E007558F3 /* ShopListApp.swift */,
				4CB7C39626A3DC91007558F3 /* Assets.xcassets */,
				4CB7C39B26A3DC91007558F3 /* Info.plist */,
				4CB7C39826A3DC91007558F3 /* Preview Content */,
			);
			path = ShopList;
			sourceTree = "<group>";
		};
		4CB7C39826A3DC91007558F3 /* Preview Content */ = {
			isa = PBXGroup;
			children = (
				4CB7C39926A3DC91007558F3 /* Preview Assets.xcassets */,
			);
			path = "Preview Content";
			sourceTree = "<group>";
		};
		4CB7C3A326A3DC91007558F3 /* ShopListTests */ = {
			isa = PBXGroup;
			children = (
				4CB7C3A426A3DC91007558F3 /* ShopListTests.swift */,
				4CB7C3A626A3DC91007558F3 /* Info.plist */,
			);
			path = ShopListTests;
			sourceTree = "<group>";
		};
		4CB7C3AE26A3DC91007558F3 /* ShopListUITests */ = {
			isa = PBXGroup;
			children = (
				4CB7C3AF26A3DC91007558F3 /* ShopListUITests.swift */,
				4CB7C3B126A3DC91007558F3 /* Info.plist */,
			);
			path = ShopListUITests;
			sourceTree = "<group>";
		};
		4CB7C3C326A3DDA5007558F3 /* Frameworks */ = {
			isa = PBXGroup;
			children = (
				4CB7C3C426A3DDA5007558F3 /* CloudKit.framework */,
			);
			name = Frameworks;
			sourceTree = "<group>";
		};
/* End PBXGroup section */

/* Begin PBXNativeTarget section */
		4CB7C38E26A3DC8E007558F3 /* ShopList */ = {
			isa = PBXNativeTarget;
			buildConfigurationList = 4CB7C3B426A3DC91007558F3 /* Build configuration list for PBXNativeTarget "ShopList" */;
			buildPhases = (
				4CB7C38B26A3DC8E007558F3 /* Sources */,
				4CB7C38C26A3DC8E007558F3 /* Frameworks */,
				4CB7C38D26A3DC8E007558F3 /* Resources */,
			);
			buildRules = (
			);
			dependencies = (
			);
			name = ShopList;
			productName = ShopList;
			productReference = 4CB7C38F26A3DC8E007558F3 /* ShopList.app */;
			productType = "com.apple.product-type.application";
		};
		4CB7C39F26A3DC91007558F3 /* ShopListTests */ = {
			isa = PBXNativeTarget;
			buildConfigurationList = 4CB7C3B726A3DC91007558F3 /* Build configuration list for PBXNativeTarget "ShopListTests" */;
			buildPhases = (
				4CB7C39C26A3DC91007558F3 /* Sources */,
				4CB7C39D26A3DC91007558F3 /* Frameworks */,
				4CB7C39E26A3DC91007558F3 /* Resources */,
			);
			buildRules = (
			);
			dependencies = (
				4CB7C3A226A3DC91007558F3 /* PBXTargetDependency */,
			);
			name = ShopListTests;
			productName = ShopListTests;
			productReference = 4CB7C3A026A3DC91007558F3 /* ShopListTests.xctest */;
			productType = "com.apple.product-type.bundle.unit-test";
		};
		4CB7C3AA26A3DC91007558F3 /* ShopListUITests */ = {
			isa = PBXNativeTarget;
			buildConfigurationList = 4CB7C3BA26A3DC91007558F3 /* Build configuration list for PBXNativeTarget "ShopListUITests" */;
			buildPhases = (
				4CB7C3A726A3DC91007558F3 /* Sources */,
				4CB7C3A826A3DC91007558F3 /* Frameworks */,
				4CB7C3A926A3DC91007558F3 /* Resources */,
			);
			buildRules = (
			);
			dependencies = (
				4CB7C3AD26A3DC91007558F3 /* PBXTargetDependency */,
			);
			name = ShopListUITests;
			productName = ShopListUITests;
			productReference = 4CB7C3AB26A3DC91007558F3 /* ShopListUITests.xctest */;
			productType = "com.apple.product-type.bundle.ui-testing";
		};
/* End PBXNativeTarget section */

/* Begin PBXProject section */
		4CB7C38726A3DC8E007558F3 /* Project object */ = {
			isa = PBXProject;
			attributes = {
				LastSwiftUpdateCheck = 1250;
				LastUpgradeCheck = 1250;
				TargetAttributes = {
					4CB7C38E26A3DC8E007558F3 = {
						CreatedOnToolsVersion = 12.5.1;
					};
					4CB7C39F26A3DC91007558F3 = {
						CreatedOnToolsVersion = 12.5.1;
						TestTargetID = 4CB7C38E26A3DC8E007558F3;
					};
					4CB7C3AA26A3DC91007558F3 = {
						CreatedOnToolsVersion = 12.5.1;
						TestTargetID = 4CB7C38E26A3DC8E007558F3;
					};
				};
			};
			buildConfigurationList = 4CB7C38A26A3DC8E007558F3 /* Build configuration list for PBXProject "ShopList" */;
			compatibilityVersion = "Xcode 9.3";
			developmentRegion = en;
			hasScannedForEncodings = 0;
			knownRegions = (
				en,
				Base,
			);
			mainGroup = 4CB7C38626A3DC8E007558F3;
			productRefGroup = 4CB7C39026A3DC8E007558F3 /* Products */;
			projectDirPath = "";
			projectRoot = "";
			targets = (
				4CB7C38E26A3DC8E007558F3 /* ShopList */,
				4CB7C39F26A3DC91007558F3 /* ShopListTests */,
				4CB7C3AA26A3DC91007558F3 /* ShopListUITests */,
			);
		};
/* End PBXProject section */

/* Begin PBXResourcesBuildPhase section */
		4CB7C38D26A3DC8E007558F3 /* Resources */ = {
			isa = PBXResourcesBuildPhase;
			buildActionMask = 2147483647;
			files = (
				4CB7C39A26A3DC91007558F3 /* Preview Assets.xcassets in Resources */,
				4CB7C39726A3DC91007558F3 /* Assets.xcassets in Resources */,
			);
			runOnlyForDeploymentPostprocessing = 0;
		};
		4CB7C39E26A3DC91007558F3 /* Resources */ = {
			isa = PBXResourcesBuildPhase;
			buildActionMask = 2147483647;
			files = (
			);
			runOnlyForDeploymentPostprocessing = 0;
		};
		4CB7C3A926A3DC91007558F3 /* Resources */ = {
			isa = PBXResourcesBuildPhase;
			buildActionMask = 2147483647;
			files = (
			);
			runOnlyForDeploymentPostprocessing = 0;
		};
/* End PBXResourcesBuildPhase section */

/* Begin PBXSourcesBuildPhase section */
		4CB7C38B26A3DC8E007558F3 /* Sources */ = {
			isa = PBXSourcesBuildPhase;
			buildActionMask = 2147483647;
			files = (
				4CB7C39526A3DC8E007558F3 /* homeView.swift in Sources */,
				4CD26F7F26A4043300A7952A /* addDetailItem.swift in Sources */,
				4CB7C3C126A3DD52007558F3 /* Persistence.swift in Sources */,
				4C9EBE5626A54D3F0081C0F2 /* ListInfo+CoreDataProperties.swift in Sources */,
				4CB7C3BF26A3DCA9007558F3 /* Item.xcdatamodeld in Sources */,
				4C720B7F26A535DA002857E1 /* addList.swift in Sources */,
				4C9EBE5426A54D3F0081C0F2 /* ItemInfo+CoreDataProperties.swift in Sources */,
				4C9EBE5526A54D3F0081C0F2 /* ListInfo+CoreDataClass.swift in Sources */,
				4C9EBE5326A54D3F0081C0F2 /* ItemInfo+CoreDataClass.swift in Sources */,
				4C9EBE5826A56C940081C0F2 /* itemListView.swift in Sources */,
				4CB7C39326A3DC8E007558F3 /* ShopListApp.swift in Sources */,
				4CD26F7B26A3E86000A7952A /* itemView.swift in Sources */,
				4CD26F7D26A3F71A00A7952A /* ImagePicker.swift in Sources */,
				4CB7C3C726A3DE48007558F3 /* itemCell.swift in Sources */,
				4C6E2EC226A9A56C002B02C0 /* updateItem.swift in Sources */,
			);
			runOnlyForDeploymentPostprocessing = 0;
		};
		4CB7C39C26A3DC91007558F3 /* Sources */ = {
			isa = PBXSourcesBuildPhase;
			buildActionMask = 2147483647;
			files = (
				4CB7C3A526A3DC91007558F3 /* ShopListTests.swift in Sources */,
			);
			runOnlyForDeploymentPostprocessing = 0;
		};
		4CB7C3A726A3DC91007558F3 /* Sources */ = {
			isa = PBXSourcesBuildPhase;
			buildActionMask = 2147483647;
			files = (
				4CB7C3B026A3DC91007558F3 /* ShopListUITests.swift in Sources */,
			);
			runOnlyForDeploymentPostprocessing = 0;
		};
/* End PBXSourcesBuildPhase section */

/* Begin PBXTargetDependency section */
		4CB7C3A226A3DC91007558F3 /* PBXTargetDependency */ = {
			isa = PBXTargetDependency;
			target = 4CB7C38E26A3DC8E007558F3 /* ShopList */;
			targetProxy = 4CB7C3A126A3DC91007558F3 /* PBXContainerItemProxy */;
		};
		4CB7C3AD26A3DC91007558F3 /* PBXTargetDependency */ = {
			isa = PBXTargetDependency;
			target = 4CB7C38E26A3DC8E007558F3 /* ShopList */;
			targetProxy = 4CB7C3AC26A3DC91007558F3 /* PBXContainerItemProxy */;
		};
/* End PBXTargetDependency section */

/* Begin XCBuildConfiguration section */
		4CB7C3B226A3DC91007558F3 /* Debug */ = {
			isa = XCBuildConfiguration;
			buildSettings = {
				ALWAYS_SEARCH_USER_PATHS = NO;
				CLANG_ANALYZER_NONNULL = YES;
				CLANG_ANALYZER_NUMBER_OBJECT_CONVERSION = YES_AGGRESSIVE;
				CLANG_CXX_LANGUAGE_STANDARD = "gnu++14";
				CLANG_CXX_LIBRARY = "libc++";
				CLANG_ENABLE_MODULES = YES;
				CLANG_ENABLE_OBJC_ARC = YES;
				CLANG_ENABLE_OBJC_WEAK = YES;
				CLANG_WARN_BLOCK_CAPTURE_AUTORELEASING = YES;
				CLANG_WARN_BOOL_CONVERSION = YES;
				CLANG_WARN_COMMA = YES;
				CLANG_WARN_CONSTANT_CONVERSION = YES;
				CLANG_WARN_DEPRECATED_OBJC_IMPLEMENTATIONS = YES;
				CLANG_WARN_DIRECT_OBJC_ISA_USAGE = YES_ERROR;
				CLANG_WARN_DOCUMENTATION_COMMENTS = YES;
				CLANG_WARN_EMPTY_BODY = YES;
				CLANG_WARN_ENUM_CONVERSION = YES;
				CLANG_WARN_INFINITE_RECURSION = YES;
				CLANG_WARN_INT_CONVERSION = YES;
				CLANG_WARN_NON_LITERAL_NULL_CONVERSION = YES;
				CLANG_WARN_OBJC_IMPLICIT_RETAIN_SELF = YES;
				CLANG_WARN_OBJC_LITERAL_CONVERSION = YES;
				CLANG_WARN_OBJC_ROOT_CLASS = YES_ERROR;
				CLANG_WARN_QUOTED_INCLUDE_IN_FRAMEWORK_HEADER = YES;
				CLANG_WARN_RANGE_LOOP_ANALYSIS = YES;
				CLANG_WARN_STRICT_PROTOTYPES = YES;
				CLANG_WARN_SUSPICIOUS_MOVE = YES;
				CLANG_WARN_UNGUARDED_AVAILABILITY = YES_AGGRESSIVE;
				CLANG_WARN_UNREACHABLE_CODE = YES;
				CLANG_WARN__DUPLICATE_METHOD_MATCH = YES;
				COPY_PHASE_STRIP = NO;
				DEBUG_INFORMATION_FORMAT = dwarf;
				ENABLE_STRICT_OBJC_MSGSEND = YES;
				ENABLE_TESTABILITY = YES;
				GCC_C_LANGUAGE_STANDARD = gnu11;
				GCC_DYNAMIC_NO_PIC = NO;
				GCC_NO_COMMON_BLOCKS = YES;
				GCC_OPTIMIZATION_LEVEL = 0;
				GCC_PREPROCESSOR_DEFINITIONS = (
					"DEBUG=1",
					"$(inherited)",
				);
				GCC_WARN_64_TO_32_BIT_CONVERSION = YES;
				GCC_WARN_ABOUT_RETURN_TYPE = YES_ERROR;
				GCC_WARN_UNDECLARED_SELECTOR = YES;
				GCC_WARN_UNINITIALIZED_AUTOS = YES_AGGRESSIVE;
				GCC_WARN_UNUSED_FUNCTION = YES;
				GCC_WARN_UNUSED_VARIABLE = YES;
				IPHONEOS_DEPLOYMENT_TARGET = 14.5;
				MTL_ENABLE_DEBUG_INFO = INCLUDE_SOURCE;
				MTL_FAST_MATH = YES;
				ONLY_ACTIVE_ARCH = YES;
				SDKROOT = iphoneos;
				SWIFT_ACTIVE_COMPILATION_CONDITIONS = DEBUG;
				SWIFT_OPTIMIZATION_LEVEL = "-Onone";
			};
			name = Debug;
		};
		4CB7C3B326A3DC91007558F3 /* Release */ = {
			isa = XCBuildConfiguration;
			buildSettings = {
				ALWAYS_SEARCH_USER_PATHS = NO;
				CLANG_ANALYZER_NONNULL = YES;
				CLANG_ANALYZER_NUMBER_OBJECT_CONVERSION = YES_AGGRESSIVE;
				CLANG_CXX_LANGUAGE_STANDARD = "gnu++14";
				CLANG_CXX_LIBRARY = "libc++";
				CLANG_ENABLE_MODULES = YES;
				CLANG_ENABLE_OBJC_ARC = YES;
				CLANG_ENABLE_OBJC_WEAK = YES;
				CLANG_WARN_BLOCK_CAPTURE_AUTORELEASING = YES;
				CLANG_WARN_BOOL_CONVERSION = YES;
				CLANG_WARN_COMMA = YES;
				CLANG_WARN_CONSTANT_CONVERSION = YES;
				CLANG_WARN_DEPRECATED_OBJC_IMPLEMENTATIONS = YES;
				CLANG_WARN_DIRECT_OBJC_ISA_USAGE = YES_ERROR;
				CLANG_WARN_DOCUMENTATION_COMMENTS = YES;
				CLANG_WARN_EMPTY_BODY = YES;
				CLANG_WARN_ENUM_CONVERSION = YES;
				CLANG_WARN_INFINITE_RECURSION = YES;
				CLANG_WARN_INT_CONVERSION = YES;
				CLANG_WARN_NON_LITERAL_NULL_CONVERSION = YES;
				CLANG_WARN_OBJC_IMPLICIT_RETAIN_SELF = YES;
				CLANG_WARN_OBJC_LITERAL_CONVERSION = YES;
				CLANG_WARN_OBJC_ROOT_CLASS = YES_ERROR;
				CLANG_WARN_QUOTED_INCLUDE_IN_FRAMEWORK_HEADER = YES;
				CLANG_WARN_RANGE_LOOP_ANALYSIS = YES;
				CLANG_WARN_STRICT_PROTOTYPES = YES;
				CLANG_WARN_SUSPICIOUS_MOVE = YES;
				CLANG_WARN_UNGUARDED_AVAILABILITY = YES_AGGRESSIVE;
				CLANG_WARN_UNREACHABLE_CODE = YES;
				CLANG_WARN__DUPLICATE_METHOD_MATCH = YES;
				COPY_PHASE_STRIP = NO;
				DEBUG_INFORMATION_FORMAT = "dwarf-with-dsym";
				ENABLE_NS_ASSERTIONS = NO;
				ENABLE_STRICT_OBJC_MSGSEND = YES;
				GCC_C_LANGUAGE_STANDARD = gnu11;
				GCC_NO_COMMON_BLOCKS = YES;
				GCC_WARN_64_TO_32_BIT_CONVERSION = YES;
				GCC_WARN_ABOUT_RETURN_TYPE = YES_ERROR;
				GCC_WARN_UNDECLARED_SELECTOR = YES;
				GCC_WARN_UNINITIALIZED_AUTOS = YES_AGGRESSIVE;
				GCC_WARN_UNUSED_FUNCTION = YES;
				GCC_WARN_UNUSED_VARIABLE = YES;
				IPHONEOS_DEPLOYMENT_TARGET = 14.5;
				MTL_ENABLE_DEBUG_INFO = NO;
				MTL_FAST_MATH = YES;
				SDKROOT = iphoneos;
				SWIFT_COMPILATION_MODE = wholemodule;
				SWIFT_OPTIMIZATION_LEVEL = "-O";
				VALIDATE_PRODUCT = YES;
			};
			name = Release;
		};
		4CB7C3B526A3DC91007558F3 /* Debug */ = {
			isa = XCBuildConfiguration;
			buildSettings = {
				ASSETCATALOG_COMPILER_APPICON_NAME = AppIcon;
				ASSETCATALOG_COMPILER_GLOBAL_ACCENT_COLOR_NAME = AccentColor;
				CODE_SIGN_ENTITLEMENTS = ShopList/ShopList.entitlements;
				CODE_SIGN_STYLE = Automatic;
				DEVELOPMENT_ASSET_PATHS = "\"ShopList/Preview Content\"";
				DEVELOPMENT_TEAM = "";
				ENABLE_PREVIEWS = YES;
				INFOPLIST_FILE = ShopList/Info.plist;
				IPHONEOS_DEPLOYMENT_TARGET = 14.0;
				LD_RUNPATH_SEARCH_PATHS = (
					"$(inherited)",
					"@executable_path/Frameworks",
				);
				PRODUCT_BUNDLE_IDENTIFIER = con.snoopy.ShopList;
				PRODUCT_NAME = "$(TARGET_NAME)";
				SWIFT_VERSION = 5.0;
				TARGETED_DEVICE_FAMILY = "1,2";
			};
			name = Debug;
		};
		4CB7C3B626A3DC91007558F3 /* Release */ = {
			isa = XCBuildConfiguration;
			buildSettings = {
				ASSETCATALOG_COMPILER_APPICON_NAME = AppIcon;
				ASSETCATALOG_COMPILER_GLOBAL_ACCENT_COLOR_NAME = AccentColor;
				CODE_SIGN_ENTITLEMENTS = ShopList/ShopList.entitlements;
				CODE_SIGN_STYLE = Automatic;
				DEVELOPMENT_ASSET_PATHS = "\"ShopList/Preview Content\"";
				DEVELOPMENT_TEAM = "";
				ENABLE_PREVIEWS = YES;
				INFOPLIST_FILE = ShopList/Info.plist;
				IPHONEOS_DEPLOYMENT_TARGET = 14.0;
				LD_RUNPATH_SEARCH_PATHS = (
					"$(inherited)",
					"@executable_path/Frameworks",
				);
				PRODUCT_BUNDLE_IDENTIFIER = con.snoopy.ShopList;
				PRODUCT_NAME = "$(TARGET_NAME)";
				SWIFT_VERSION = 5.0;
				TARGETED_DEVICE_FAMILY = "1,2";
			};
			name = Release;
		};
		4CB7C3B826A3DC91007558F3 /* Debug */ = {
			isa = XCBuildConfiguration;
			buildSettings = {
				ALWAYS_EMBED_SWIFT_STANDARD_LIBRARIES = YES;
				BUNDLE_LOADER = "$(TEST_HOST)";
				CODE_SIGN_STYLE = Automatic;
				DEVELOPMENT_TEAM = 2TBQL7L7TH;
				INFOPLIST_FILE = ShopListTests/Info.plist;
				IPHONEOS_DEPLOYMENT_TARGET = 14.0;
				LD_RUNPATH_SEARCH_PATHS = (
					"$(inherited)",
					"@executable_path/Frameworks",
					"@loader_path/Frameworks",
				);
				PRODUCT_BUNDLE_IDENTIFIER = com.snoopy.ShopListTests;
				PRODUCT_NAME = "$(TARGET_NAME)";
				SWIFT_VERSION = 5.0;
				TARGETED_DEVICE_FAMILY = "1,2";
				TEST_HOST = "$(BUILT_PRODUCTS_DIR)/ShopList.app/ShopList";
			};
			name = Debug;
		};
		4CB7C3B926A3DC91007558F3 /* Release */ = {
			isa = XCBuildConfiguration;
			buildSettings = {
				ALWAYS_EMBED_SWIFT_STANDARD_LIBRARIES = YES;
				BUNDLE_LOADER = "$(TEST_HOST)";
				CODE_SIGN_STYLE = Automatic;
				DEVELOPMENT_TEAM = 2TBQL7L7TH;
				INFOPLIST_FILE = ShopListTests/Info.plist;
				IPHONEOS_DEPLOYMENT_TARGET = 14.0;
				LD_RUNPATH_SEARCH_PATHS = (
					"$(inherited)",
					"@executable_path/Frameworks",
					"@loader_path/Frameworks",
				);
				PRODUCT_BUNDLE_IDENTIFIER = com.snoopy.ShopListTests;
				PRODUCT_NAME = "$(TARGET_NAME)";
				SWIFT_VERSION = 5.0;
				TARGETED_DEVICE_FAMILY = "1,2";
				TEST_HOST = "$(BUILT_PRODUCTS_DIR)/ShopList.app/ShopList";
			};
			name = Release;
		};
		4CB7C3BB26A3DC91007558F3 /* Debug */ = {
			isa = XCBuildConfiguration;
			buildSettings = {
				ALWAYS_EMBED_SWIFT_STANDARD_LIBRARIES = YES;
				CODE_SIGN_STYLE = Automatic;
				DEVELOPMENT_TEAM = 2TBQL7L7TH;
				INFOPLIST_FILE = ShopListUITests/Info.plist;
				LD_RUNPATH_SEARCH_PATHS = (
					"$(inherited)",
					"@executable_path/Frameworks",
					"@loader_path/Frameworks",
				);
				PRODUCT_BUNDLE_IDENTIFIER = com.snoopy.ShopListUITests;
				PRODUCT_NAME = "$(TARGET_NAME)";
				SWIFT_VERSION = 5.0;
				TARGETED_DEVICE_FAMILY = "1,2";
				TEST_TARGET_NAME = ShopList;
			};
			name = Debug;
		};
		4CB7C3BC26A3DC91007558F3 /* Release */ = {
			isa = XCBuildConfiguration;
			buildSettings = {
				ALWAYS_EMBED_SWIFT_STANDARD_LIBRARIES = YES;
				CODE_SIGN_STYLE = Automatic;
				DEVELOPMENT_TEAM = 2TBQL7L7TH;
				INFOPLIST_FILE = ShopListUITests/Info.plist;
				LD_RUNPATH_SEARCH_PATHS = (
					"$(inherited)",
					"@executable_path/Frameworks",
					"@loader_path/Frameworks",
				);
				PRODUCT_BUNDLE_IDENTIFIER = com.snoopy.ShopListUITests;
				PRODUCT_NAME = "$(TARGET_NAME)";
				SWIFT_VERSION = 5.0;
				TARGETED_DEVICE_FAMILY = "1,2";
				TEST_TARGET_NAME = ShopList;
			};
			name = Release;
		};
/* End XCBuildConfiguration section */

/* Begin XCConfigurationList section */
		4CB7C38A26A3DC8E007558F3 /* Build configuration list for PBXProject "ShopList" */ = {
			isa = XCConfigurationList;
			buildConfigurations = (
				4CB7C3B226A3DC91007558F3 /* Debug */,
				4CB7C3B326A3DC91007558F3 /* Release */,
			);
			defaultConfigurationIsVisible = 0;
			defaultConfigurationName = Release;
		};
		4CB7C3B426A3DC91007558F3 /* Build configuration list for PBXNativeTarget "ShopList" */ = {
			isa = XCConfigurationList;
			buildConfigurations = (
				4CB7C3B526A3DC91007558F3 /* Debug */,
				4CB7C3B626A3DC91007558F3 /* Release */,
			);
			defaultConfigurationIsVisible = 0;
			defaultConfigurationName = Release;
		};
		4CB7C3B726A3DC91007558F3 /* Build configuration list for PBXNativeTarget "ShopListTests" */ = {
			isa = XCConfigurationList;
			buildConfigurations = (
				4CB7C3B826A3DC91007558F3 /* Debug */,
				4CB7C3B926A3DC91007558F3 /* Release */,
			);
			defaultConfigurationIsVisible = 0;
			defaultConfigurationName = Release;
		};
		4CB7C3BA26A3DC91007558F3 /* Build configuration list for PBXNativeTarget "ShopListUITests" */ = {
			isa = XCConfigurationList;
			buildConfigurations = (
				4CB7C3BB26A3DC91007558F3 /* Debug */,
				4CB7C3BC26A3DC91007558F3 /* Release */,
			);
			defaultConfigurationIsVisible = 0;
			defaultConfigurationName = Release;
		};
/* End XCConfigurationList section */

/* Begin XCVersionGroup section */
		4CB7C3BD26A3DCA9007558F3 /* Item.xcdatamodeld */ = {
			isa = XCVersionGroup;
			children = (
				4CB7C3BE26A3DCA9007558F3 /* Item.xcdatamodel */,
			);
			currentVersion = 4CB7C3BE26A3DCA9007558F3 /* Item.xcdatamodel */;
			path = Item.xcdatamodeld;
			sourceTree = "<group>";
			versionGroupType = wrapper.xcdatamodel;
		};
/* End XCVersionGroup section */
	};
	rootObject = 4CB7C38726A3DC8E007558F3 /* Project object */;
}
